
Microsoft Visual Studio Solution File, Format Version 12.00
# Visual Studio Version 17
VisualStudioVersion = 17.11.35431.28
MinimumVisualStudioVersion = 10.0.40219.1
Project("{FAE04EC0-301F-11D3-BF4B-00C04F79EFBC}") = "BlazorNotes", "BlazorNotes\BlazorNotes\BlazorNotes.csproj", "{D2D1ECED-4EBD-4BC0-995D-3B6480DA90C1}"
EndProject
Project("{FAE04EC0-301F-11D3-BF4B-00C04F79EFBC}") = "BlazorNotes.Client", "BlazorNotes\BlazorNotes.Client\BlazorNotes.Client.csproj", "{676F936A-32AA-4A7F-88F4-ECFA09B811EE}"
EndProject
Project("{FAE04EC0-301F-11D3-BF4B-00C04F79EFBC}") = "BlazorNotes.Shared", "BlazorNotes.Shared\BlazorNotes.Shared.csproj", "{F831CAD4-2A5C-4B69-AEC3-822F2AA7B62E}"
EndProject
Global
	GlobalSection(SolutionConfigurationPlatforms) = preSolution
		Debug|Any CPU = Debug|Any CPU
		Release|Any CPU = Release|Any CPU
	EndGlobalSection
	GlobalSection(ProjectConfigurationPlatforms) = postSolution
		{D2D1ECED-4EBD-4BC0-995D-3B6480DA90C1}.Debug|Any CPU.ActiveCfg = Debug|Any CPU
		{D2D1ECED-4EBD-4BC0-995D-3B6480DA90C1}.Debug|Any CPU.Build.0 = Debug|Any CPU
		{D2D1ECED-4EBD-4BC0-995D-3B6480DA90C1}.Release|Any CPU.ActiveCfg = Release|Any CPU
		{D2D1ECED-4EBD-4BC0-995D-3B6480DA90C1}.Release|Any CPU.Build.0 = Release|Any CPU
		{676F936A-32AA-4A7F-88F4-ECFA09B811EE}.Debug|Any CPU.ActiveCfg = Debug|Any CPU
		{676F936A-32AA-4A7F-88F4-ECFA09B811EE}.Debug|Any CPU.Build.0 = Debug|Any CPU
		{676F936A-32AA-4A7F-88F4-ECFA09B811EE}.Release|Any CPU.ActiveCfg = Release|Any CPU
		{676F936A-32AA-4A7F-88F4-ECFA09B811EE}.Release|Any CPU.Build.0 = Release|Any CPU
		{F831CAD4-2A5C-4B69-AEC3-822F2AA7B62E}.Debug|Any CPU.ActiveCfg = Debug|Any CPU
		{F831CAD4-2A5C-4B69-AEC3-822F2AA7B62E}.Debug|Any CPU.Build.0 = Debug|Any CPU
		{F831CAD4-2A5C-4B69-AEC3-822F2AA7B62E}.Release|Any CPU.ActiveCfg = Release|Any CPU
		{F831CAD4-2A5C-4B69-AEC3-822F2AA7B62E}.Release|Any CPU.Build.0 = Release|Any CPU
	EndGlobalSection
	GlobalSection(SolutionProperties) = preSolution
		HideSolutionNode = FALSE
	EndGlobalSection
	GlobalSection(ExtensibilityGlobals) = postSolution
		SolutionGuid = {96834462-4371-4E04-B1D0-17E310AE6FB8}
	EndGlobalSection
EndGlobal
